// !$*UTF8*$!
{
	archiveVersion = 1;
	classes = {
	};
	objectVersion = 77;
	objects = {

/* Begin PBXBuildFile section */
		57F374772CBC49EA00060CEB /* FirebaseAnalytics in Frameworks */ = {isa = PBXBuildFile; productRef = 57F374762CBC49EA00060CEB /* FirebaseAnalytics */; };
		57F374792CBC49EA00060CEB /* FirebaseAnalyticsOnDeviceConversion in Frameworks */ = {isa = PBXBuildFile; productRef = 57F374782CBC49EA00060CEB /* FirebaseAnalyticsOnDeviceConversion */; };
		57F3747B2CBC49EA00060CEB /* FirebaseAnalyticsWithoutAdIdSupport in Frameworks */ = {isa = PBXBuildFile; productRef = 57F3747A2CBC49EA00060CEB /* FirebaseAnalyticsWithoutAdIdSupport */; };
		57F3747D2CBC49EA00060CEB /* FirebaseAppCheck in Frameworks */ = {isa = PBXBuildFile; productRef = 57F3747C2CBC49EA00060CEB /* FirebaseAppCheck */; };
		57F3747F2CBC49EA00060CEB /* FirebaseAppDistribution-Beta in Frameworks */ = {isa = PBXBuildFile; productRef = 57F3747E2CBC49EA00060CEB /* FirebaseAppDistribution-Beta */; };
/* End PBXBuildFile section */

/* Begin PBXContainerItemProxy section */
		57F374552CBC377700060CEB /* PBXContainerItemProxy */ = {
			isa = PBXContainerItemProxy;
			containerPortal = 57F3743C2CBC377600060CEB /* Project object */;
			proxyType = 1;
			remoteGlobalIDString = 57F374432CBC377600060CEB;
			remoteInfo = "Dating App";
		};
		57F3745F2CBC377700060CEB /* PBXContainerItemProxy */ = {
			isa = PBXContainerItemProxy;
			containerPortal = 57F3743C2CBC377600060CEB /* Project object */;
			proxyType = 1;
			remoteGlobalIDString = 57F374432CBC377600060CEB;
			remoteInfo = "Dating App";
		};
/* End PBXContainerItemProxy section */

/* Begin PBXFileReference section */
		57F374442CBC377600060CEB /* Dating App.app */ = {isa = PBXFileReference; explicitFileType = wrapper.application; includeInIndex = 0; path = "Dating App.app"; sourceTree = BUILT_PRODUCTS_DIR; };
		57F374542CBC377700060CEB /* Dating AppTests.xctest */ = {isa = PBXFileReference; explicitFileType = wrapper.cfbundle; includeInIndex = 0; path = "Dating AppTests.xctest"; sourceTree = BUILT_PRODUCTS_DIR; };
		57F3745E2CBC377700060CEB /* Dating AppUITests.xctest */ = {isa = PBXFileReference; explicitFileType = wrapper.cfbundle; includeInIndex = 0; path = "Dating AppUITests.xctest"; sourceTree = BUILT_PRODUCTS_DIR; };
/* End PBXFileReference section */

/* Begin PBXFileSystemSynchronizedRootGroup section */
		57F374462CBC377600060CEB /* Dating App */ = {
			isa = PBXFileSystemSynchronizedRootGroup;
			path = "Dating App";
			sourceTree = "<group>";
		};
		57F374572CBC377700060CEB /* Dating AppTests */ = {
			isa = PBXFileSystemSynchronizedRootGroup;
			path = "Dating AppTests";
			sourceTree = "<group>";
		};
		57F374612CBC377700060CEB /* Dating AppUITests */ = {
			isa = PBXFileSystemSynchronizedRootGroup;
			path = "Dating AppUITests";
			sourceTree = "<group>";
		};
/* End PBXFileSystemSynchronizedRootGroup section */

/* Begin PBXFrameworksBuildPhase section */
		57F374412CBC377600060CEB /* Frameworks */ = {
			isa = PBXFrameworksBuildPhase;
			buildActionMask = 2147483647;
			files = (
				57F3747D2CBC49EA00060CEB /* FirebaseAppCheck in Frameworks */,
				57F374772CBC49EA00060CEB /* FirebaseAnalytics in Frameworks */,
				57F3747F2CBC49EA00060CEB /* FirebaseAppDistribution-Beta in Frameworks */,
				57F3747B2CBC49EA00060CEB /* FirebaseAnalyticsWithoutAdIdSupport in Frameworks */,
				57F374792CBC49EA00060CEB /* FirebaseAnalyticsOnDeviceConversion in Frameworks */,
			);
			runOnlyForDeploymentPostprocessing = 0;
		};
		57F374512CBC377700060CEB /* Frameworks */ = {
			isa = PBXFrameworksBuildPhase;
			buildActionMask = 2147483647;
			files = (
			);
			runOnlyForDeploymentPostprocessing = 0;
		};
		57F3745B2CBC377700060CEB /* Frameworks */ = {
			isa = PBXFrameworksBuildPhase;
			buildActionMask = 2147483647;
			files = (
			);
			runOnlyForDeploymentPostprocessing = 0;
		};
/* End PBXFrameworksBuildPhase section */

/* Begin PBXGroup section */
		57F3743B2CBC377600060CEB = {
			isa = PBXGroup;
			children = (
				57F374462CBC377600060CEB /* Dating App */,
				57F374572CBC377700060CEB /* Dating AppTests */,
				57F374612CBC377700060CEB /* Dating AppUITests */,
				57F374452CBC377600060CEB /* Products */,
			);
			sourceTree = "<group>";
		};
		57F374452CBC377600060CEB /* Products */ = {
			isa = PBXGroup;
			children = (
				57F374442CBC377600060CEB /* Dating App.app */,
				57F374542CBC377700060CEB /* Dating AppTests.xctest */,
				57F3745E2CBC377700060CEB /* Dating AppUITests.xctest */,
			);
			name = Products;
			sourceTree = "<group>";
		};
/* End PBXGroup section */

/* Begin PBXNativeTarget section */
		57F374432CBC377600060CEB /* Dating App */ = {
			isa = PBXNativeTarget;
			buildConfigurationList = 57F374682CBC377700060CEB /* Build configuration list for PBXNativeTarget "Dating App" */;
			buildPhases = (
				57F374402CBC377600060CEB /* Sources */,
				57F374412CBC377600060CEB /* Frameworks */,
				57F374422CBC377600060CEB /* Resources */,
			);
			buildRules = (
			);
			dependencies = (
			);
			fileSystemSynchronizedGroups = (
				57F374462CBC377600060CEB /* Dating App */,
			);
			name = "Dating App";
			packageProductDependencies = (
				57F374762CBC49EA00060CEB /* FirebaseAnalytics */,
				57F374782CBC49EA00060CEB /* FirebaseAnalyticsOnDeviceConversion */,
				57F3747A2CBC49EA00060CEB /* FirebaseAnalyticsWithoutAdIdSupport */,
				57F3747C2CBC49EA00060CEB /* FirebaseAppCheck */,
				57F3747E2CBC49EA00060CEB /* FirebaseAppDistribution-Beta */,
			);
			productName = "Dating App";
			productReference = 57F374442CBC377600060CEB /* Dating App.app */;
			productType = "com.apple.product-type.application";
		};
		57F374532CBC377700060CEB /* Dating AppTests */ = {
			isa = PBXNativeTarget;
			buildConfigurationList = 57F3746B2CBC377700060CEB /* Build configuration list for PBXNativeTarget "Dating AppTests" */;
			buildPhases = (
				57F374502CBC377700060CEB /* Sources */,
				57F374512CBC377700060CEB /* Frameworks */,
				57F374522CBC377700060CEB /* Resources */,
			);
			buildRules = (
			);
			dependencies = (
				57F374562CBC377700060CEB /* PBXTargetDependency */,
			);
			fileSystemSynchronizedGroups = (
				57F374572CBC377700060CEB /* Dating AppTests */,
			);
			name = "Dating AppTests";
			packageProductDependencies = (
			);
			productName = "Dating AppTests";
			productReference = 57F374542CBC377700060CEB /* Dating AppTests.xctest */;
			productType = "com.apple.product-type.bundle.unit-test";
		};
		57F3745D2CBC377700060CEB /* Dating AppUITests */ = {
			isa = PBXNativeTarget;
			buildConfigurationList = 57F3746E2CBC377700060CEB /* Build configuration list for PBXNativeTarget "Dating AppUITests" */;
			buildPhases = (
				57F3745A2CBC377700060CEB /* Sources */,
				57F3745B2CBC377700060CEB /* Frameworks */,
				57F3745C2CBC377700060CEB /* Resources */,
			);
			buildRules = (
			);
			dependencies = (
				57F374602CBC377700060CEB /* PBXTargetDependency */,
			);
			fileSystemSynchronizedGroups = (
				57F374612CBC377700060CEB /* Dating AppUITests */,
			);
			name = "Dating AppUITests";
			packageProductDependencies = (
			);
			productName = "Dating AppUITests";
			productReference = 57F3745E2CBC377700060CEB /* Dating AppUITests.xctest */;
			productType = "com.apple.product-type.bundle.ui-testing";
		};
/* End PBXNativeTarget section */

/* Begin PBXProject section */
		57F3743C2CBC377600060CEB /* Project object */ = {
			isa = PBXProject;
			attributes = {
				BuildIndependentTargetsInParallel = 1;
				LastSwiftUpdateCheck = 1600;
				LastUpgradeCheck = 1600;
				TargetAttributes = {
					57F374432CBC377600060CEB = {
						CreatedOnToolsVersion = 16.0;
					};
					57F374532CBC377700060CEB = {
						CreatedOnToolsVersion = 16.0;
						TestTargetID = 57F374432CBC377600060CEB;
					};
					57F3745D2CBC377700060CEB = {
						CreatedOnToolsVersion = 16.0;
						TestTargetID = 57F374432CBC377600060CEB;
					};
				};
			};
			buildConfigurationList = 57F3743F2CBC377600060CEB /* Build configuration list for PBXProject "Dating App" */;
			developmentRegion = en;
			hasScannedForEncodings = 0;
			knownRegions = (
				en,
				Base,
			);
			mainGroup = 57F3743B2CBC377600060CEB;
			minimizedProjectReferenceProxies = 1;
			packageReferences = (
				57F374752CBC49EA00060CEB /* XCRemoteSwiftPackageReference "firebase-ios-sdk" */,
			);
			preferredProjectObjectVersion = 77;
			productRefGroup = 57F374452CBC377600060CEB /* Products */;
			projectDirPath = "";
			projectRoot = "";
			targets = (
				57F374432CBC377600060CEB /* Dating App */,
				57F374532CBC377700060CEB /* Dating AppTests */,
				57F3745D2CBC377700060CEB /* Dating AppUITests */,
			);
		};
/* End PBXProject section */

/* Begin PBXResourcesBuildPhase section */
		57F374422CBC377600060CEB /* Resources */ = {
			isa = PBXResourcesBuildPhase;
			buildActionMask = 2147483647;
			files = (
			);
			runOnlyForDeploymentPostprocessing = 0;
		};
		57F374522CBC377700060CEB /* Resources */ = {
			isa = PBXResourcesBuildPhase;
			buildActionMask = 2147483647;
			files = (
			);
			runOnlyForDeploymentPostprocessing = 0;
		};
		57F3745C2CBC377700060CEB /* Resources */ = {
			isa = PBXResourcesBuildPhase;
			buildActionMask = 2147483647;
			files = (
			);
			runOnlyForDeploymentPostprocessing = 0;
		};
/* End PBXResourcesBuildPhase section */

/* Begin PBXSourcesBuildPhase section */
		57F374402CBC377600060CEB /* Sources */ = {
			isa = PBXSourcesBuildPhase;
			buildActionMask = 2147483647;
			files = (
			);
			runOnlyForDeploymentPostprocessing = 0;
		};
		57F374502CBC377700060CEB /* Sources */ = {
			isa = PBXSourcesBuildPhase;
			buildActionMask = 2147483647;
			files = (
			);
			runOnlyForDeploymentPostprocessing = 0;
		};
		57F3745A2CBC377700060CEB /* Sources */ = {
			isa = PBXSourcesBuildPhase;
			buildActionMask = 2147483647;
			files = (
			);
			runOnlyForDeploymentPostprocessing = 0;
		};
/* End PBXSourcesBuildPhase section */

/* Begin PBXTargetDependency section */
		57F374562CBC377700060CEB /* PBXTargetDependency */ = {
			isa = PBXTargetDependency;
			target = 57F374432CBC377600060CEB /* Dating App */;
			targetProxy = 57F374552CBC377700060CEB /* PBXContainerItemProxy */;
		};
		57F374602CBC377700060CEB /* PBXTargetDependency */ = {
			isa = PBXTargetDependency;
			target = 57F374432CBC377600060CEB /* Dating App */;
			targetProxy = 57F3745F2CBC377700060CEB /* PBXContainerItemProxy */;
		};
/* End PBXTargetDependency section */

/* Begin XCBuildConfiguration section */
		57F374662CBC377700060CEB /* Debug */ = {
			isa = XCBuildConfiguration;
			buildSettings = {
				ALWAYS_SEARCH_USER_PATHS = NO;
				ASSETCATALOG_COMPILER_GENERATE_SWIFT_ASSET_SYMBOL_EXTENSIONS = YES;
				CLANG_ANALYZER_NONNULL = YES;
				CLANG_ANALYZER_NUMBER_OBJECT_CONVERSION = YES_AGGRESSIVE;
				CLANG_CXX_LANGUAGE_STANDARD = "gnu++20";
				CLANG_ENABLE_MODULES = YES;
				CLANG_ENABLE_OBJC_ARC = YES;
				CLANG_ENABLE_OBJC_WEAK = YES;
				CLANG_WARN_BLOCK_CAPTURE_AUTORELEASING = YES;
				CLANG_WARN_BOOL_CONVERSION = YES;
				CLANG_WARN_COMMA = YES;
				CLANG_WARN_CONSTANT_CONVERSION = YES;
				CLANG_WARN_DEPRECATED_OBJC_IMPLEMENTATIONS = YES;
				CLANG_WARN_DIRECT_OBJC_ISA_USAGE = YES_ERROR;
				CLANG_WARN_DOCUMENTATION_COMMENTS = YES;
				CLANG_WARN_EMPTY_BODY = YES;
				CLANG_WARN_ENUM_CONVERSION = YES;
				CLANG_WARN_INFINITE_RECURSION = YES;
				CLANG_WARN_INT_CONVERSION = YES;
				CLANG_WARN_NON_LITERAL_NULL_CONVERSION = YES;
				CLANG_WARN_OBJC_IMPLICIT_RETAIN_SELF = YES;
				CLANG_WARN_OBJC_LITERAL_CONVERSION = YES;
				CLANG_WARN_OBJC_ROOT_CLASS = YES_ERROR;
				CLANG_WARN_QUOTED_INCLUDE_IN_FRAMEWORK_HEADER = YES;
				CLANG_WARN_RANGE_LOOP_ANALYSIS = YES;
				CLANG_WARN_STRICT_PROTOTYPES = YES;
				CLANG_WARN_SUSPICIOUS_MOVE = YES;
				CLANG_WARN_UNGUARDED_AVAILABILITY = YES_AGGRESSIVE;
				CLANG_WARN_UNREACHABLE_CODE = YES;
				CLANG_WARN__DUPLICATE_METHOD_MATCH = YES;
				COPY_PHASE_STRIP = NO;
				DEBUG_INFORMATION_FORMAT = dwarf;
				ENABLE_STRICT_OBJC_MSGSEND = YES;
				ENABLE_TESTABILITY = YES;
				ENABLE_USER_SCRIPT_SANDBOXING = YES;
				GCC_C_LANGUAGE_STANDARD = gnu17;
				GCC_DYNAMIC_NO_PIC = NO;
				GCC_NO_COMMON_BLOCKS = YES;
				GCC_OPTIMIZATION_LEVEL = 0;
				GCC_PREPROCESSOR_DEFINITIONS = (
					"DEBUG=1",
					"$(inherited)",
				);
				GCC_WARN_64_TO_32_BIT_CONVERSION = YES;
				GCC_WARN_ABOUT_RETURN_TYPE = YES_ERROR;
				GCC_WARN_UNDECLARED_SELECTOR = YES;
				GCC_WARN_UNINITIALIZED_AUTOS = YES_AGGRESSIVE;
				GCC_WARN_UNUSED_FUNCTION = YES;
				GCC_WARN_UNUSED_VARIABLE = YES;
				IPHONEOS_DEPLOYMENT_TARGET = 18.0;
				LOCALIZATION_PREFERS_STRING_CATALOGS = YES;
				MTL_ENABLE_DEBUG_INFO = INCLUDE_SOURCE;
				MTL_FAST_MATH = YES;
				ONLY_ACTIVE_ARCH = YES;
				SDKROOT = iphoneos;
				SWIFT_ACTIVE_COMPILATION_CONDITIONS = "DEBUG $(inherited)";
				SWIFT_OPTIMIZATION_LEVEL = "-Onone";
			};
			name = Debug;
		};
		57F374672CBC377700060CEB /* Release */ = {
			isa = XCBuildConfiguration;
			buildSettings = {
				ALWAYS_SEARCH_USER_PATHS = NO;
				ASSETCATALOG_COMPILER_GENERATE_SWIFT_ASSET_SYMBOL_EXTENSIONS = YES;
				CLANG_ANALYZER_NONNULL = YES;
				CLANG_ANALYZER_NUMBER_OBJECT_CONVERSION = YES_AGGRESSIVE;
				CLANG_CXX_LANGUAGE_STANDARD = "gnu++20";
				CLANG_ENABLE_MODULES = YES;
				CLANG_ENABLE_OBJC_ARC = YES;
				CLANG_ENABLE_OBJC_WEAK = YES;
				CLANG_WARN_BLOCK_CAPTURE_AUTORELEASING = YES;
				CLANG_WARN_BOOL_CONVERSION = YES;
				CLANG_WARN_COMMA = YES;
				CLANG_WARN_CONSTANT_CONVERSION = YES;
				CLANG_WARN_DEPRECATED_OBJC_IMPLEMENTATIONS = YES;
				CLANG_WARN_DIRECT_OBJC_ISA_USAGE = YES_ERROR;
				CLANG_WARN_DOCUMENTATION_COMMENTS = YES;
				CLANG_WARN_EMPTY_BODY = YES;
				CLANG_WARN_ENUM_CONVERSION = YES;
				CLANG_WARN_INFINITE_RECURSION = YES;
				CLANG_WARN_INT_CONVERSION = YES;
				CLANG_WARN_NON_LITERAL_NULL_CONVERSION = YES;
				CLANG_WARN_OBJC_IMPLICIT_RETAIN_SELF = YES;
				CLANG_WARN_OBJC_LITERAL_CONVERSION = YES;
				CLANG_WARN_OBJC_ROOT_CLASS = YES_ERROR;
				CLANG_WARN_QUOTED_INCLUDE_IN_FRAMEWORK_HEADER = YES;
				CLANG_WARN_RANGE_LOOP_ANALYSIS = YES;
				CLANG_WARN_STRICT_PROTOTYPES = YES;
				CLANG_WARN_SUSPICIOUS_MOVE = YES;
				CLANG_WARN_UNGUARDED_AVAILABILITY = YES_AGGRESSIVE;
				CLANG_WARN_UNREACHABLE_CODE = YES;
				CLANG_WARN__DUPLICATE_METHOD_MATCH = YES;
				COPY_PHASE_STRIP = NO;
				DEBUG_INFORMATION_FORMAT = "dwarf-with-dsym";
				ENABLE_NS_ASSERTIONS = NO;
				ENABLE_STRICT_OBJC_MSGSEND = YES;
				ENABLE_USER_SCRIPT_SANDBOXING = YES;
				GCC_C_LANGUAGE_STANDARD = gnu17;
				GCC_NO_COMMON_BLOCKS = YES;
				GCC_WARN_64_TO_32_BIT_CONVERSION = YES;
				GCC_WARN_ABOUT_RETURN_TYPE = YES_ERROR;
				GCC_WARN_UNDECLARED_SELECTOR = YES;
				GCC_WARN_UNINITIALIZED_AUTOS = YES_AGGRESSIVE;
				GCC_WARN_UNUSED_FUNCTION = YES;
				GCC_WARN_UNUSED_VARIABLE = YES;
				IPHONEOS_DEPLOYMENT_TARGET = 18.0;
				LOCALIZATION_PREFERS_STRING_CATALOGS = YES;
				MTL_ENABLE_DEBUG_INFO = NO;
				MTL_FAST_MATH = YES;
				SDKROOT = iphoneos;
				SWIFT_COMPILATION_MODE = wholemodule;
				VALIDATE_PRODUCT = YES;
			};
			name = Release;
		};
		57F374692CBC377700060CEB /* Debug */ = {
			isa = XCBuildConfiguration;
			buildSettings = {
				ASSETCATALOG_COMPILER_APPICON_NAME = AppIcon;
				ASSETCATALOG_COMPILER_GLOBAL_ACCENT_COLOR_NAME = AccentColor;
				CODE_SIGN_STYLE = Automatic;
				CURRENT_PROJECT_VERSION = 1;
				DEVELOPMENT_ASSET_PATHS = "\"Dating App/Preview Content\"";
				DEVELOPMENT_TEAM = 4FVBT3XA9H;
				ENABLE_PREVIEWS = YES;
				GENERATE_INFOPLIST_FILE = YES;
				INFOPLIST_KEY_UIApplicationSceneManifest_Generation = YES;
				INFOPLIST_KEY_UIApplicationSupportsIndirectInputEvents = YES;
				INFOPLIST_KEY_UILaunchScreen_Generation = YES;
				INFOPLIST_KEY_UISupportedInterfaceOrientations_iPad = "UIInterfaceOrientationPortrait UIInterfaceOrientationPortraitUpsideDown UIInterfaceOrientationLandscapeLeft UIInterfaceOrientationLandscapeRight";
				INFOPLIST_KEY_UISupportedInterfaceOrientations_iPhone = "UIInterfaceOrientationPortrait UIInterfaceOrientationLandscapeLeft UIInterfaceOrientationLandscapeRight";
				LD_RUNPATH_SEARCH_PATHS = (
					"$(inherited)",
					"@executable_path/Frameworks",
				);
				MARKETING_VERSION = 1.0;
				PRODUCT_BUNDLE_IDENTIFIER = "carsonComputing.Dating-App";
				PRODUCT_NAME = "$(TARGET_NAME)";
				SWIFT_EMIT_LOC_STRINGS = YES;
				SWIFT_VERSION = 5.0;
				TARGETED_DEVICE_FAMILY = "1,2";
			};
			name = Debug;
		};
		57F3746A2CBC377700060CEB /* Release */ = {
			isa = XCBuildConfiguration;
			buildSettings = {
				ASSETCATALOG_COMPILER_APPICON_NAME = AppIcon;
				ASSETCATALOG_COMPILER_GLOBAL_ACCENT_COLOR_NAME = AccentColor;
				CODE_SIGN_STYLE = Automatic;
				CURRENT_PROJECT_VERSION = 1;
				DEVELOPMENT_ASSET_PATHS = "\"Dating App/Preview Content\"";
				DEVELOPMENT_TEAM = 4FVBT3XA9H;
				ENABLE_PREVIEWS = YES;
				GENERATE_INFOPLIST_FILE = YES;
				INFOPLIST_KEY_UIApplicationSceneManifest_Generation = YES;
				INFOPLIST_KEY_UIApplicationSupportsIndirectInputEvents = YES;
				INFOPLIST_KEY_UILaunchScreen_Generation = YES;
				INFOPLIST_KEY_UISupportedInterfaceOrientations_iPad = "UIInterfaceOrientationPortrait UIInterfaceOrientationPortraitUpsideDown UIInterfaceOrientationLandscapeLeft UIInterfaceOrientationLandscapeRight";
				INFOPLIST_KEY_UISupportedInterfaceOrientations_iPhone = "UIInterfaceOrientationPortrait UIInterfaceOrientationLandscapeLeft UIInterfaceOrientationLandscapeRight";
				LD_RUNPATH_SEARCH_PATHS = (
					"$(inherited)",
					"@executable_path/Frameworks",
				);
				MARKETING_VERSION = 1.0;
				PRODUCT_BUNDLE_IDENTIFIER = "carsonComputing.Dating-App";
				PRODUCT_NAME = "$(TARGET_NAME)";
				SWIFT_EMIT_LOC_STRINGS = YES;
				SWIFT_VERSION = 5.0;
				TARGETED_DEVICE_FAMILY = "1,2";
			};
			name = Release;
		};
		57F3746C2CBC377700060CEB /* Debug */ = {
			isa = XCBuildConfiguration;
			buildSettings = {
				BUNDLE_LOADER = "$(TEST_HOST)";
				CODE_SIGN_STYLE = Automatic;
				CURRENT_PROJECT_VERSION = 1;
				GENERATE_INFOPLIST_FILE = YES;
				IPHONEOS_DEPLOYMENT_TARGET = 18.0;
				MARKETING_VERSION = 1.0;
				PRODUCT_BUNDLE_IDENTIFIER = "carsonComputing.Dating-AppTests";
				PRODUCT_NAME = "$(TARGET_NAME)";
				SWIFT_EMIT_LOC_STRINGS = NO;
				SWIFT_VERSION = 5.0;
				TARGETED_DEVICE_FAMILY = "1,2";
				TEST_HOST = "$(BUILT_PRODUCTS_DIR)/Dating App.app/$(BUNDLE_EXECUTABLE_FOLDER_PATH)/Dating App";
			};
			name = Debug;
		};
		57F3746D2CBC377700060CEB /* Release */ = {
			isa = XCBuildConfiguration;
			buildSettings = {
				BUNDLE_LOADER = "$(TEST_HOST)";
				CODE_SIGN_STYLE = Automatic;
				CURRENT_PROJECT_VERSION = 1;
				GENERATE_INFOPLIST_FILE = YES;
				IPHONEOS_DEPLOYMENT_TARGET = 18.0;
				MARKETING_VERSION = 1.0;
				PRODUCT_BUNDLE_IDENTIFIER = "carsonComputing.Dating-AppTests";
				PRODUCT_NAME = "$(TARGET_NAME)";
				SWIFT_EMIT_LOC_STRINGS = NO;
				SWIFT_VERSION = 5.0;
				TARGETED_DEVICE_FAMILY = "1,2";
				TEST_HOST = "$(BUILT_PRODUCTS_DIR)/Dating App.app/$(BUNDLE_EXECUTABLE_FOLDER_PATH)/Dating App";
			};
			name = Release;
		};
		57F3746F2CBC377700060CEB /* Debug */ = {
			isa = XCBuildConfiguration;
			buildSettings = {
				CODE_SIGN_STYLE = Automatic;
				CURRENT_PROJECT_VERSION = 1;
				GENERATE_INFOPLIST_FILE = YES;
				MARKETING_VERSION = 1.0;
				PRODUCT_BUNDLE_IDENTIFIER = "carsonComputing.Dating-AppUITests";
				PRODUCT_NAME = "$(TARGET_NAME)";
				SWIFT_EMIT_LOC_STRINGS = NO;
				SWIFT_VERSION = 5.0;
				TARGETED_DEVICE_FAMILY = "1,2";
				TEST_TARGET_NAME = "Dating App";
			};
			name = Debug;
		};
		57F374702CBC377700060CEB /* Release */ = {
			isa = XCBuildConfiguration;
			buildSettings = {
				CODE_SIGN_STYLE = Automatic;
				CURRENT_PROJECT_VERSION = 1;
				GENERATE_INFOPLIST_FILE = YES;
				MARKETING_VERSION = 1.0;
				PRODUCT_BUNDLE_IDENTIFIER = "carsonComputing.Dating-AppUITests";
				PRODUCT_NAME = "$(TARGET_NAME)";
				SWIFT_EMIT_LOC_STRINGS = NO;
				SWIFT_VERSION = 5.0;
				TARGETED_DEVICE_FAMILY = "1,2";
				TEST_TARGET_NAME = "Dating App";
			};
			name = Release;
		};
/* End XCBuildConfiguration section */

/* Begin XCConfigurationList section */
		57F3743F2CBC377600060CEB /* Build configuration list for PBXProject "Dating App" */ = {
			isa = XCConfigurationList;
			buildConfigurations = (
				57F374662CBC377700060CEB /* Debug */,
				57F374672CBC377700060CEB /* Release */,
			);
			defaultConfigurationIsVisible = 0;
			defaultConfigurationName = Release;
		};
		57F374682CBC377700060CEB /* Build configuration list for PBXNativeTarget "Dating App" */ = {
			isa = XCConfigurationList;
			buildConfigurations = (
				57F374692CBC377700060CEB /* Debug */,
				57F3746A2CBC377700060CEB /* Release */,
			);
			defaultConfigurationIsVisible = 0;
			defaultConfigurationName = Release;
		};
		57F3746B2CBC377700060CEB /* Build configuration list for PBXNativeTarget "Dating AppTests" */ = {
			isa = XCConfigurationList;
			buildConfigurations = (
				57F3746C2CBC377700060CEB /* Debug */,
				57F3746D2CBC377700060CEB /* Release */,
			);
			defaultConfigurationIsVisible = 0;
			defaultConfigurationName = Release;
		};
		57F3746E2CBC377700060CEB /* Build configuration list for PBXNativeTarget "Dating AppUITests" */ = {
			isa = XCConfigurationList;
			buildConfigurations = (
				57F3746F2CBC377700060CEB /* Debug */,
				57F374702CBC377700060CEB /* Release */,
			);
			defaultConfigurationIsVisible = 0;
			defaultConfigurationName = Release;
		};
/* End XCConfigurationList section */

/* Begin XCRemoteSwiftPackageReference section */
		57F374752CBC49EA00060CEB /* XCRemoteSwiftPackageReference "firebase-ios-sdk" */ = {
			isa = XCRemoteSwiftPackageReference;
			repositoryURL = "https://github.com/firebase/firebase-ios-sdk";
			requirement = {
				kind = upToNextMajorVersion;
				minimumVersion = 11.3.0;
			};
		};
/* End XCRemoteSwiftPackageReference section */

/* Begin XCSwiftPackageProductDependency section */
		57F374762CBC49EA00060CEB /* FirebaseAnalytics */ = {
			isa = XCSwiftPackageProductDependency;
			package = 57F374752CBC49EA00060CEB /* XCRemoteSwiftPackageReference "firebase-ios-sdk" */;
			productName = FirebaseAnalytics;
		};
		57F374782CBC49EA00060CEB /* FirebaseAnalyticsOnDeviceConversion */ = {
			isa = XCSwiftPackageProductDependency;
			package = 57F374752CBC49EA00060CEB /* XCRemoteSwiftPackageReference "firebase-ios-sdk" */;
			productName = FirebaseAnalyticsOnDeviceConversion;
		};
		57F3747A2CBC49EA00060CEB /* FirebaseAnalyticsWithoutAdIdSupport */ = {
			isa = XCSwiftPackageProductDependency;
			package = 57F374752CBC49EA00060CEB /* XCRemoteSwiftPackageReference "firebase-ios-sdk" */;
			productName = FirebaseAnalyticsWithoutAdIdSupport;
		};
		57F3747C2CBC49EA00060CEB /* FirebaseAppCheck */ = {
			isa = XCSwiftPackageProductDependency;
			package = 57F374752CBC49EA00060CEB /* XCRemoteSwiftPackageReference "firebase-ios-sdk" */;
			productName = FirebaseAppCheck;
		};
		57F3747E2CBC49EA00060CEB /* FirebaseAppDistribution-Beta */ = {
			isa = XCSwiftPackageProductDependency;
			package = 57F374752CBC49EA00060CEB /* XCRemoteSwiftPackageReference "firebase-ios-sdk" */;
			productName = "FirebaseAppDistribution-Beta";
		};
/* End XCSwiftPackageProductDependency section */
	};
	rootObject = 57F3743C2CBC377600060CEB /* Project object */;
}
